
Microsoft Visual Studio Solution File, Format Version 12.00
# Visual Studio 15
VisualStudioVersion = 15.0.28307.645
MinimumVisualStudioVersion = 10.0.40219.1
Project("{2150E333-8FDC-42A3-9474-1A3956D46DE8}") = "Services.Api", "Services.Api", "{7B29855A-18B5-4531-9FF1-5CF0ECE0B702}"
EndProject
Project("{9A19103F-16F7-4668-BE54-9A1E7A4F7556}") = "PaymentService", "PaymentService\PaymentService.csproj", "{1984B3E1-4FD6-44F4-88F6-EA90FBD38FC9}"
EndProject
Project("{9A19103F-16F7-4668-BE54-9A1E7A4F7556}") = "FakeTokenService", "FakeTokenService\FakeTokenService.csproj", "{258D99F6-0976-4217-86E8-660C0D6F252C}"
EndProject
Project("{2150E333-8FDC-42A3-9474-1A3956D46DE8}") = "Tests", "Tests", "{A7CE5D2A-9EDB-4D80-B24F-3EECF18EE5C8}"
EndProject
Project("{9A19103F-16F7-4668-BE54-9A1E7A4F7556}") = "PaymentService.IntegrationTests", "PaymentService.IntegrationTests\PaymentService.IntegrationTests.csproj", "{F003AC19-BA8E-45C9-B65C-7043D0E5A473}"
EndProject
Project("{2150E333-8FDC-42A3-9474-1A3956D46DE8}") = "Services.Core", "Services.Core", "{1F9CE1C1-0618-48FA-A28B-55D59C4279A0}"
EndProject
Project("{2150E333-8FDC-42A3-9474-1A3956D46DE8}") = "Payment", "Payment", "{9F140ED2-4E66-42E3-951F-D938ABAB92DD}"
EndProject
Project("{9A19103F-16F7-4668-BE54-9A1E7A4F7556}") = "PaymentService.Core", "PaymentService.Core\PaymentService.Core.csproj", "{40C61043-3FF0-494C-ADD1-02FD5B6545E3}"
EndProject
Project("{9A19103F-16F7-4668-BE54-9A1E7A4F7556}") = "PaymentService.UnitTests", "PaymentService.UnitTests\PaymentService.UnitTests.csproj", "{8A15DBBB-7444-4EB1-A5EB-180018418736}"
EndProject
Project("{9A19103F-16F7-4668-BE54-9A1E7A4F7556}") = "PaymentService.PerformanceTests", "PaymentService.PerformanceTests\PaymentService.PerformanceTests.csproj", "{C2167FB0-8A82-4D61-AE87-0F47E7CB93F7}"
EndProject
Project("{FAE04EC0-301F-11D3-BF4B-00C04F79EFBC}") = "FakeBankService", "FakeBankService\FakeBankService.csproj", "{9ACDEE3D-C095-44CE-AFB5-3B31A97B96C5}"
EndProject
Global
	GlobalSection(SolutionConfigurationPlatforms) = preSolution
		Debug|Any CPU = Debug|Any CPU
		Release|Any CPU = Release|Any CPU
	EndGlobalSection
	GlobalSection(ProjectConfigurationPlatforms) = postSolution
		{1984B3E1-4FD6-44F4-88F6-EA90FBD38FC9}.Debug|Any CPU.ActiveCfg = Debug|Any CPU
		{1984B3E1-4FD6-44F4-88F6-EA90FBD38FC9}.Debug|Any CPU.Build.0 = Debug|Any CPU
		{1984B3E1-4FD6-44F4-88F6-EA90FBD38FC9}.Release|Any CPU.ActiveCfg = Release|Any CPU
		{1984B3E1-4FD6-44F4-88F6-EA90FBD38FC9}.Release|Any CPU.Build.0 = Release|Any CPU
		{258D99F6-0976-4217-86E8-660C0D6F252C}.Debug|Any CPU.ActiveCfg = Debug|Any CPU
		{258D99F6-0976-4217-86E8-660C0D6F252C}.Debug|Any CPU.Build.0 = Debug|Any CPU
		{258D99F6-0976-4217-86E8-660C0D6F252C}.Release|Any CPU.ActiveCfg = Release|Any CPU
		{258D99F6-0976-4217-86E8-660C0D6F252C}.Release|Any CPU.Build.0 = Release|Any CPU
		{F003AC19-BA8E-45C9-B65C-7043D0E5A473}.Debug|Any CPU.ActiveCfg = Debug|Any CPU
		{F003AC19-BA8E-45C9-B65C-7043D0E5A473}.Debug|Any CPU.Build.0 = Debug|Any CPU
		{F003AC19-BA8E-45C9-B65C-7043D0E5A473}.Release|Any CPU.ActiveCfg = Release|Any CPU
		{F003AC19-BA8E-45C9-B65C-7043D0E5A473}.Release|Any CPU.Build.0 = Release|Any CPU
		{40C61043-3FF0-494C-ADD1-02FD5B6545E3}.Debug|Any CPU.ActiveCfg = Debug|Any CPU
		{40C61043-3FF0-494C-ADD1-02FD5B6545E3}.Debug|Any CPU.Build.0 = Debug|Any CPU
		{40C61043-3FF0-494C-ADD1-02FD5B6545E3}.Release|Any CPU.ActiveCfg = Release|Any CPU
		{40C61043-3FF0-494C-ADD1-02FD5B6545E3}.Release|Any CPU.Build.0 = Release|Any CPU
		{8A15DBBB-7444-4EB1-A5EB-180018418736}.Debug|Any CPU.ActiveCfg = Debug|Any CPU
		{8A15DBBB-7444-4EB1-A5EB-180018418736}.Debug|Any CPU.Build.0 = Debug|Any CPU
		{8A15DBBB-7444-4EB1-A5EB-180018418736}.Release|Any CPU.ActiveCfg = Release|Any CPU
		{8A15DBBB-7444-4EB1-A5EB-180018418736}.Release|Any CPU.Build.0 = Release|Any CPU
		{C2167FB0-8A82-4D61-AE87-0F47E7CB93F7}.Debug|Any CPU.ActiveCfg = Debug|Any CPU
		{C2167FB0-8A82-4D61-AE87-0F47E7CB93F7}.Debug|Any CPU.Build.0 = Debug|Any CPU
		{C2167FB0-8A82-4D61-AE87-0F47E7CB93F7}.Release|Any CPU.ActiveCfg = Release|Any CPU
		{C2167FB0-8A82-4D61-AE87-0F47E7CB93F7}.Release|Any CPU.Build.0 = Release|Any CPU
		{9ACDEE3D-C095-44CE-AFB5-3B31A97B96C5}.Debug|Any CPU.ActiveCfg = Debug|Any CPU
		{9ACDEE3D-C095-44CE-AFB5-3B31A97B96C5}.Debug|Any CPU.Build.0 = Debug|Any CPU
		{9ACDEE3D-C095-44CE-AFB5-3B31A97B96C5}.Release|Any CPU.ActiveCfg = Release|Any CPU
		{9ACDEE3D-C095-44CE-AFB5-3B31A97B96C5}.Release|Any CPU.Build.0 = Release|Any CPU
	EndGlobalSection
	GlobalSection(SolutionProperties) = preSolution
		HideSolutionNode = FALSE
	EndGlobalSection
	GlobalSection(NestedProjects) = preSolution
		{1984B3E1-4FD6-44F4-88F6-EA90FBD38FC9} = {7B29855A-18B5-4531-9FF1-5CF0ECE0B702}
		{258D99F6-0976-4217-86E8-660C0D6F252C} = {7B29855A-18B5-4531-9FF1-5CF0ECE0B702}
		{F003AC19-BA8E-45C9-B65C-7043D0E5A473} = {A7CE5D2A-9EDB-4D80-B24F-3EECF18EE5C8}
		{9F140ED2-4E66-42E3-951F-D938ABAB92DD} = {1F9CE1C1-0618-48FA-A28B-55D59C4279A0}
		{40C61043-3FF0-494C-ADD1-02FD5B6545E3} = {9F140ED2-4E66-42E3-951F-D938ABAB92DD}
		{8A15DBBB-7444-4EB1-A5EB-180018418736} = {A7CE5D2A-9EDB-4D80-B24F-3EECF18EE5C8}
		{C2167FB0-8A82-4D61-AE87-0F47E7CB93F7} = {A7CE5D2A-9EDB-4D80-B24F-3EECF18EE5C8}
		{9ACDEE3D-C095-44CE-AFB5-3B31A97B96C5} = {7B29855A-18B5-4531-9FF1-5CF0ECE0B702}
	EndGlobalSection
	GlobalSection(ExtensibilityGlobals) = postSolution
		SolutionGuid = {C3C02A6B-3F87-47B7-9EFE-C4742F671D36}
	EndGlobalSection
EndGlobal
